
Microsoft Visual Studio Solution File, Format Version 12.00
# Visual Studio Version 17
VisualStudioVersion = 17.12.35707.178 d17.12
MinimumVisualStudioVersion = 10.0.40219.1
Project("{FAE04EC0-301F-11D3-BF4B-00C04F79EFBC}") = "GenshinFan", "GenshinFan\GenshinFan.csproj", "{A9A93AA0-EE86-4A55-842F-D8841D823C20}"
EndProject
Global
	GlobalSection(SolutionConfigurationPlatforms) = preSolution
		Debug|Any CPU = Debug|Any CPU
		Release|Any CPU = Release|Any CPU
	EndGlobalSection
	GlobalSection(ProjectConfigurationPlatforms) = postSolution
		{A9A93AA0-EE86-4A55-842F-D8841D823C20}.Debug|Any CPU.ActiveCfg = Debug|Any CPU
		{A9A93AA0-EE86-4A55-842F-D8841D823C20}.Debug|Any CPU.Build.0 = Debug|Any CPU
		{A9A93AA0-EE86-4A55-842F-D8841D823C20}.Release|Any CPU.ActiveCfg = Release|Any CPU
		{A9A93AA0-EE86-4A55-842F-D8841D823C20}.Release|Any CPU.Build.0 = Release|Any CPU
	EndGlobalSection
	GlobalSection(SolutionProperties) = preSolution
		HideSolutionNode = FALSE
	EndGlobalSection
EndGlobal
